// !$*UTF8*$!
{
	archiveVersion = 1;
	classes = {
	};
	objectVersion = 56;
	objects = {

/* Begin PBXBuildFile section */
		222B41542CABE420001A5547 /* OnboardingView.swift in Sources */ = {isa = PBXBuildFile; fileRef = 222B41532CABE420001A5547 /* OnboardingView.swift */; };
		222B41562CABE438001A5547 /* RegisterView.swift in Sources */ = {isa = PBXBuildFile; fileRef = 222B41552CABE438001A5547 /* RegisterView.swift */; };
		222B41582CABE470001A5547 /* NewItemView.swift in Sources */ = {isa = PBXBuildFile; fileRef = 222B41572CABE470001A5547 /* NewItemView.swift */; };
		222B415C2CABE4F1001A5547 /* ToDoListItem.swift in Sources */ = {isa = PBXBuildFile; fileRef = 222B415B2CABE4F1001A5547 /* ToDoListItem.swift */; };
		222B41602CABE52E001A5547 /* ToDoListViewModel.swift in Sources */ = {isa = PBXBuildFile; fileRef = 222B415F2CABE52E001A5547 /* ToDoListViewModel.swift */; };
		222B41622CABE543001A5547 /* LoginViewModel.swift in Sources */ = {isa = PBXBuildFile; fileRef = 222B41612CABE543001A5547 /* LoginViewModel.swift */; };
		222B41642CABE551001A5547 /* RegisterViewModel.swift in Sources */ = {isa = PBXBuildFile; fileRef = 222B41632CABE551001A5547 /* RegisterViewModel.swift */; };
		222B41662CABE56B001A5547 /* NewItemViewModel.swift in Sources */ = {isa = PBXBuildFile; fileRef = 222B41652CABE56B001A5547 /* NewItemViewModel.swift */; };
		222B41682CABE57D001A5547 /* ToDoListView.swift in Sources */ = {isa = PBXBuildFile; fileRef = 222B41672CABE57D001A5547 /* ToDoListView.swift */; };
		222B416A2CABE590001A5547 /* OnboardingViewModel.swift in Sources */ = {isa = PBXBuildFile; fileRef = 222B41692CABE590001A5547 /* OnboardingViewModel.swift */; };
		222B416C2CABE828001A5547 /* onboarding.png in Resources */ = {isa = PBXBuildFile; fileRef = 222B416B2CABE828001A5547 /* onboarding.png */; };
		224BDDB72C9AD68D00BC16FA /* LoginView.swift in Sources */ = {isa = PBXBuildFile; fileRef = 224BDDB62C9AD68D00BC16FA /* LoginView.swift */; };
		22AC90992CAD20410097B8E0 /* Extentions.swift in Sources */ = {isa = PBXBuildFile; fileRef = 22AC90982CAD20410097B8E0 /* Extentions.swift */; };
		22B13F992C9A91D3006C1D34 /* ToDoList_iOSApp.swift in Sources */ = {isa = PBXBuildFile; fileRef = 22B13F982C9A91D3006C1D34 /* ToDoList_iOSApp.swift */; };
		22B13F9D2C9A91D5006C1D34 /* Assets.xcassets in Resources */ = {isa = PBXBuildFile; fileRef = 22B13F9C2C9A91D5006C1D34 /* Assets.xcassets */; };
		22B13FA02C9A91D5006C1D34 /* Preview Assets.xcassets in Resources */ = {isa = PBXBuildFile; fileRef = 22B13F9F2C9A91D5006C1D34 /* Preview Assets.xcassets */; };
		22B13FAA2C9A91D5006C1D34 /* ToDoList_iOSTests.swift in Sources */ = {isa = PBXBuildFile; fileRef = 22B13FA92C9A91D5006C1D34 /* ToDoList_iOSTests.swift */; };
		22B13FB42C9A91D5006C1D34 /* ToDoList_iOSUITests.swift in Sources */ = {isa = PBXBuildFile; fileRef = 22B13FB32C9A91D5006C1D34 /* ToDoList_iOSUITests.swift */; };
		22B13FB62C9A91D5006C1D34 /* ToDoList_iOSUITestsLaunchTests.swift in Sources */ = {isa = PBXBuildFile; fileRef = 22B13FB52C9A91D5006C1D34 /* ToDoList_iOSUITestsLaunchTests.swift */; };
/* End PBXBuildFile section */

/* Begin PBXContainerItemProxy section */
		22B13FA62C9A91D5006C1D34 /* PBXContainerItemProxy */ = {
			isa = PBXContainerItemProxy;
			containerPortal = 22B13F8D2C9A91D3006C1D34 /* Project object */;
			proxyType = 1;
			remoteGlobalIDString = 22B13F942C9A91D3006C1D34;
			remoteInfo = ToDoList_iOS;
		};
		22B13FB02C9A91D5006C1D34 /* PBXContainerItemProxy */ = {
			isa = PBXContainerItemProxy;
			containerPortal = 22B13F8D2C9A91D3006C1D34 /* Project object */;
			proxyType = 1;
			remoteGlobalIDString = 22B13F942C9A91D3006C1D34;
			remoteInfo = ToDoList_iOS;
		};
/* End PBXContainerItemProxy section */

/* Begin PBXFileReference section */
		222B41532CABE420001A5547 /* OnboardingView.swift */ = {isa = PBXFileReference; lastKnownFileType = sourcecode.swift; path = OnboardingView.swift; sourceTree = "<group>"; };
		222B41552CABE438001A5547 /* RegisterView.swift */ = {isa = PBXFileReference; lastKnownFileType = sourcecode.swift; path = RegisterView.swift; sourceTree = "<group>"; };
		222B41572CABE470001A5547 /* NewItemView.swift */ = {isa = PBXFileReference; lastKnownFileType = sourcecode.swift; path = NewItemView.swift; sourceTree = "<group>"; };
		222B415B2CABE4F1001A5547 /* ToDoListItem.swift */ = {isa = PBXFileReference; lastKnownFileType = sourcecode.swift; path = ToDoListItem.swift; sourceTree = "<group>"; };
		222B415F2CABE52E001A5547 /* ToDoListViewModel.swift */ = {isa = PBXFileReference; lastKnownFileType = sourcecode.swift; path = ToDoListViewModel.swift; sourceTree = "<group>"; };
		222B41612CABE543001A5547 /* LoginViewModel.swift */ = {isa = PBXFileReference; lastKnownFileType = sourcecode.swift; path = LoginViewModel.swift; sourceTree = "<group>"; };
		222B41632CABE551001A5547 /* RegisterViewModel.swift */ = {isa = PBXFileReference; lastKnownFileType = sourcecode.swift; path = RegisterViewModel.swift; sourceTree = "<group>"; };
		222B41652CABE56B001A5547 /* NewItemViewModel.swift */ = {isa = PBXFileReference; lastKnownFileType = sourcecode.swift; path = NewItemViewModel.swift; sourceTree = "<group>"; };
		222B41672CABE57D001A5547 /* ToDoListView.swift */ = {isa = PBXFileReference; lastKnownFileType = sourcecode.swift; path = ToDoListView.swift; sourceTree = "<group>"; };
		222B41692CABE590001A5547 /* OnboardingViewModel.swift */ = {isa = PBXFileReference; lastKnownFileType = sourcecode.swift; path = OnboardingViewModel.swift; sourceTree = "<group>"; };
		222B416B2CABE828001A5547 /* onboarding.png */ = {isa = PBXFileReference; lastKnownFileType = image.png; path = onboarding.png; sourceTree = "<group>"; };
		224BDDB62C9AD68D00BC16FA /* LoginView.swift */ = {isa = PBXFileReference; lastKnownFileType = sourcecode.swift; path = LoginView.swift; sourceTree = "<group>"; };
		22AC90982CAD20410097B8E0 /* Extentions.swift */ = {isa = PBXFileReference; lastKnownFileType = sourcecode.swift; path = Extentions.swift; sourceTree = "<group>"; };
		22B13F952C9A91D3006C1D34 /* ToDoList_iOS.app */ = {isa = PBXFileReference; explicitFileType = wrapper.application; includeInIndex = 0; path = ToDoList_iOS.app; sourceTree = BUILT_PRODUCTS_DIR; };
		22B13F982C9A91D3006C1D34 /* ToDoList_iOSApp.swift */ = {isa = PBXFileReference; lastKnownFileType = sourcecode.swift; path = ToDoList_iOSApp.swift; sourceTree = "<group>"; };
		22B13F9C2C9A91D5006C1D34 /* Assets.xcassets */ = {isa = PBXFileReference; lastKnownFileType = folder.assetcatalog; path = Assets.xcassets; sourceTree = "<group>"; };
		22B13F9F2C9A91D5006C1D34 /* Preview Assets.xcassets */ = {isa = PBXFileReference; lastKnownFileType = folder.assetcatalog; path = "Preview Assets.xcassets"; sourceTree = "<group>"; };
		22B13FA52C9A91D5006C1D34 /* ToDoList_iOSTests.xctest */ = {isa = PBXFileReference; explicitFileType = wrapper.cfbundle; includeInIndex = 0; path = ToDoList_iOSTests.xctest; sourceTree = BUILT_PRODUCTS_DIR; };
		22B13FA92C9A91D5006C1D34 /* ToDoList_iOSTests.swift */ = {isa = PBXFileReference; lastKnownFileType = sourcecode.swift; path = ToDoList_iOSTests.swift; sourceTree = "<group>"; };
		22B13FAF2C9A91D5006C1D34 /* ToDoList_iOSUITests.xctest */ = {isa = PBXFileReference; explicitFileType = wrapper.cfbundle; includeInIndex = 0; path = ToDoList_iOSUITests.xctest; sourceTree = BUILT_PRODUCTS_DIR; };
		22B13FB32C9A91D5006C1D34 /* ToDoList_iOSUITests.swift */ = {isa = PBXFileReference; lastKnownFileType = sourcecode.swift; path = ToDoList_iOSUITests.swift; sourceTree = "<group>"; };
		22B13FB52C9A91D5006C1D34 /* ToDoList_iOSUITestsLaunchTests.swift */ = {isa = PBXFileReference; lastKnownFileType = sourcecode.swift; path = ToDoList_iOSUITestsLaunchTests.swift; sourceTree = "<group>"; };
/* End PBXFileReference section */

/* Begin PBXFrameworksBuildPhase section */
		22B13F922C9A91D3006C1D34 /* Frameworks */ = {
			isa = PBXFrameworksBuildPhase;
			buildActionMask = 2147483647;
			files = (
			);
			runOnlyForDeploymentPostprocessing = 0;
		};
		22B13FA22C9A91D5006C1D34 /* Frameworks */ = {
			isa = PBXFrameworksBuildPhase;
			buildActionMask = 2147483647;
			files = (
			);
			runOnlyForDeploymentPostprocessing = 0;
		};
		22B13FAC2C9A91D5006C1D34 /* Frameworks */ = {
			isa = PBXFrameworksBuildPhase;
			buildActionMask = 2147483647;
			files = (
			);
			runOnlyForDeploymentPostprocessing = 0;
		};
/* End PBXFrameworksBuildPhase section */

/* Begin PBXGroup section */
		22B13F8C2C9A91D3006C1D34 = {
			isa = PBXGroup;
			children = (
				22B13F972C9A91D3006C1D34 /* ToDoList_iOS */,
				22B13FA82C9A91D5006C1D34 /* ToDoList_iOSTests */,
				22B13FB22C9A91D5006C1D34 /* ToDoList_iOSUITests */,
				22B13F962C9A91D3006C1D34 /* Products */,
			);
			sourceTree = "<group>";
		};
		22B13F962C9A91D3006C1D34 /* Products */ = {
			isa = PBXGroup;
			children = (
				22B13F952C9A91D3006C1D34 /* ToDoList_iOS.app */,
				22B13FA52C9A91D5006C1D34 /* ToDoList_iOSTests.xctest */,
				22B13FAF2C9A91D5006C1D34 /* ToDoList_iOSUITests.xctest */,
			);
			name = Products;
			sourceTree = "<group>";
		};
		22B13F972C9A91D3006C1D34 /* ToDoList_iOS */ = {
			isa = PBXGroup;
			children = (
				22B13FC52C9AB94E006C1D34 /* Other */,
				22B13FC42C9AB949006C1D34 /* Models */,
				22B13FC32C9AB943006C1D34 /* ViewModels */,
				22B13FC22C9AB939006C1D34 /* Views */,
				22B13F9E2C9A91D5006C1D34 /* Preview Content */,
			);
			path = ToDoList_iOS;
			sourceTree = "<group>";
		};
		22B13F9E2C9A91D5006C1D34 /* Preview Content */ = {
			isa = PBXGroup;
			children = (
				22B13F9F2C9A91D5006C1D34 /* Preview Assets.xcassets */,
			);
			path = "Preview Content";
			sourceTree = "<group>";
		};
		22B13FA82C9A91D5006C1D34 /* ToDoList_iOSTests */ = {
			isa = PBXGroup;
			children = (
				22B13FA92C9A91D5006C1D34 /* ToDoList_iOSTests.swift */,
			);
			path = ToDoList_iOSTests;
			sourceTree = "<group>";
		};
		22B13FB22C9A91D5006C1D34 /* ToDoList_iOSUITests */ = {
			isa = PBXGroup;
			children = (
				22B13FB32C9A91D5006C1D34 /* ToDoList_iOSUITests.swift */,
				22B13FB52C9A91D5006C1D34 /* ToDoList_iOSUITestsLaunchTests.swift */,
			);
			path = ToDoList_iOSUITests;
			sourceTree = "<group>";
		};
		22B13FC22C9AB939006C1D34 /* Views */ = {
			isa = PBXGroup;
			children = (
				224BDDB62C9AD68D00BC16FA /* LoginView.swift */,
				222B41532CABE420001A5547 /* OnboardingView.swift */,
				222B41552CABE438001A5547 /* RegisterView.swift */,
				222B41572CABE470001A5547 /* NewItemView.swift */,
				222B41672CABE57D001A5547 /* ToDoListView.swift */,
			);
			path = Views;
			sourceTree = "<group>";
		};
		22B13FC32C9AB943006C1D34 /* ViewModels */ = {
			isa = PBXGroup;
			children = (
				222B415F2CABE52E001A5547 /* ToDoListViewModel.swift */,
				222B41612CABE543001A5547 /* LoginViewModel.swift */,
				222B41632CABE551001A5547 /* RegisterViewModel.swift */,
				222B41652CABE56B001A5547 /* NewItemViewModel.swift */,
				222B41692CABE590001A5547 /* OnboardingViewModel.swift */,
			);
			path = ViewModels;
			sourceTree = "<group>";
		};
		22B13FC42C9AB949006C1D34 /* Models */ = {
			isa = PBXGroup;
			children = (
				222B415B2CABE4F1001A5547 /* ToDoListItem.swift */,
			);
			path = Models;
			sourceTree = "<group>";
		};
		22B13FC52C9AB94E006C1D34 /* Other */ = {
			isa = PBXGroup;
			children = (
				222B416B2CABE828001A5547 /* onboarding.png */,
				22B13F982C9A91D3006C1D34 /* ToDoList_iOSApp.swift */,
				22B13F9C2C9A91D5006C1D34 /* Assets.xcassets */,
				22AC90982CAD20410097B8E0 /* Extentions.swift */,
			);
			path = Other;
			sourceTree = "<group>";
		};
/* End PBXGroup section */

/* Begin PBXNativeTarget section */
		22B13F942C9A91D3006C1D34 /* ToDoList_iOS */ = {
			isa = PBXNativeTarget;
			buildConfigurationList = 22B13FB92C9A91D5006C1D34 /* Build configuration list for PBXNativeTarget "ToDoList_iOS" */;
			buildPhases = (
				22B13F912C9A91D3006C1D34 /* Sources */,
				22B13F922C9A91D3006C1D34 /* Frameworks */,
				22B13F932C9A91D3006C1D34 /* Resources */,
			);
			buildRules = (
			);
			dependencies = (
			);
			name = ToDoList_iOS;
			productName = ToDoList_iOS;
			productReference = 22B13F952C9A91D3006C1D34 /* ToDoList_iOS.app */;
			productType = "com.apple.product-type.application";
		};
		22B13FA42C9A91D5006C1D34 /* ToDoList_iOSTests */ = {
			isa = PBXNativeTarget;
			buildConfigurationList = 22B13FBC2C9A91D5006C1D34 /* Build configuration list for PBXNativeTarget "ToDoList_iOSTests" */;
			buildPhases = (
				22B13FA12C9A91D5006C1D34 /* Sources */,
				22B13FA22C9A91D5006C1D34 /* Frameworks */,
				22B13FA32C9A91D5006C1D34 /* Resources */,
			);
			buildRules = (
			);
			dependencies = (
				22B13FA72C9A91D5006C1D34 /* PBXTargetDependency */,
			);
			name = ToDoList_iOSTests;
			productName = ToDoList_iOSTests;
			productReference = 22B13FA52C9A91D5006C1D34 /* ToDoList_iOSTests.xctest */;
			productType = "com.apple.product-type.bundle.unit-test";
		};
		22B13FAE2C9A91D5006C1D34 /* ToDoList_iOSUITests */ = {
			isa = PBXNativeTarget;
			buildConfigurationList = 22B13FBF2C9A91D5006C1D34 /* Build configuration list for PBXNativeTarget "ToDoList_iOSUITests" */;
			buildPhases = (
				22B13FAB2C9A91D5006C1D34 /* Sources */,
				22B13FAC2C9A91D5006C1D34 /* Frameworks */,
				22B13FAD2C9A91D5006C1D34 /* Resources */,
			);
			buildRules = (
			);
			dependencies = (
				22B13FB12C9A91D5006C1D34 /* PBXTargetDependency */,
			);
			name = ToDoList_iOSUITests;
			productName = ToDoList_iOSUITests;
			productReference = 22B13FAF2C9A91D5006C1D34 /* ToDoList_iOSUITests.xctest */;
			productType = "com.apple.product-type.bundle.ui-testing";
		};
/* End PBXNativeTarget section */

/* Begin PBXProject section */
		22B13F8D2C9A91D3006C1D34 /* Project object */ = {
			isa = PBXProject;
			attributes = {
				BuildIndependentTargetsInParallel = 1;
				LastSwiftUpdateCheck = 1540;
				LastUpgradeCheck = 1540;
				TargetAttributes = {
					22B13F942C9A91D3006C1D34 = {
						CreatedOnToolsVersion = 15.4;
					};
					22B13FA42C9A91D5006C1D34 = {
						CreatedOnToolsVersion = 15.4;
						TestTargetID = 22B13F942C9A91D3006C1D34;
					};
					22B13FAE2C9A91D5006C1D34 = {
						CreatedOnToolsVersion = 15.4;
						TestTargetID = 22B13F942C9A91D3006C1D34;
					};
				};
			};
			buildConfigurationList = 22B13F902C9A91D3006C1D34 /* Build configuration list for PBXProject "ToDoList_iOS" */;
			compatibilityVersion = "Xcode 14.0";
			developmentRegion = en;
			hasScannedForEncodings = 0;
			knownRegions = (
				en,
				Base,
			);
			mainGroup = 22B13F8C2C9A91D3006C1D34;
			productRefGroup = 22B13F962C9A91D3006C1D34 /* Products */;
			projectDirPath = "";
			projectRoot = "";
			targets = (
				22B13F942C9A91D3006C1D34 /* ToDoList_iOS */,
				22B13FA42C9A91D5006C1D34 /* ToDoList_iOSTests */,
				22B13FAE2C9A91D5006C1D34 /* ToDoList_iOSUITests */,
			);
		};
/* End PBXProject section */

/* Begin PBXResourcesBuildPhase section */
		22B13F932C9A91D3006C1D34 /* Resources */ = {
			isa = PBXResourcesBuildPhase;
			buildActionMask = 2147483647;
			files = (
				22B13FA02C9A91D5006C1D34 /* Preview Assets.xcassets in Resources */,
				22B13F9D2C9A91D5006C1D34 /* Assets.xcassets in Resources */,
				222B416C2CABE828001A5547 /* onboarding.png in Resources */,
			);
			runOnlyForDeploymentPostprocessing = 0;
		};
		22B13FA32C9A91D5006C1D34 /* Resources */ = {
			isa = PBXResourcesBuildPhase;
			buildActionMask = 2147483647;
			files = (
			);
			runOnlyForDeploymentPostprocessing = 0;
		};
		22B13FAD2C9A91D5006C1D34 /* Resources */ = {
			isa = PBXResourcesBuildPhase;
			buildActionMask = 2147483647;
			files = (
			);
			runOnlyForDeploymentPostprocessing = 0;
		};
/* End PBXResourcesBuildPhase section */

/* Begin PBXSourcesBuildPhase section */
		22B13F912C9A91D3006C1D34 /* Sources */ = {
			isa = PBXSourcesBuildPhase;
			buildActionMask = 2147483647;
			files = (
				222B41602CABE52E001A5547 /* ToDoListViewModel.swift in Sources */,
				222B41582CABE470001A5547 /* NewItemView.swift in Sources */,
				222B41662CABE56B001A5547 /* NewItemViewModel.swift in Sources */,
				224BDDB72C9AD68D00BC16FA /* LoginView.swift in Sources */,
				222B415C2CABE4F1001A5547 /* ToDoListItem.swift in Sources */,
				222B41622CABE543001A5547 /* LoginViewModel.swift in Sources */,
				222B41562CABE438001A5547 /* RegisterView.swift in Sources */,
				222B416A2CABE590001A5547 /* OnboardingViewModel.swift in Sources */,
				22AC90992CAD20410097B8E0 /* Extentions.swift in Sources */,
				222B41682CABE57D001A5547 /* ToDoListView.swift in Sources */,
				222B41542CABE420001A5547 /* OnboardingView.swift in Sources */,
				222B41642CABE551001A5547 /* RegisterViewModel.swift in Sources */,
				22B13F992C9A91D3006C1D34 /* ToDoList_iOSApp.swift in Sources */,
			);
			runOnlyForDeploymentPostprocessing = 0;
		};
		22B13FA12C9A91D5006C1D34 /* Sources */ = {
			isa = PBXSourcesBuildPhase;
			buildActionMask = 2147483647;
			files = (
				22B13FAA2C9A91D5006C1D34 /* ToDoList_iOSTests.swift in Sources */,
			);
			runOnlyForDeploymentPostprocessing = 0;
		};
		22B13FAB2C9A91D5006C1D34 /* Sources */ = {
			isa = PBXSourcesBuildPhase;
			buildActionMask = 2147483647;
			files = (
				22B13FB62C9A91D5006C1D34 /* ToDoList_iOSUITestsLaunchTests.swift in Sources */,
				22B13FB42C9A91D5006C1D34 /* ToDoList_iOSUITests.swift in Sources */,
			);
			runOnlyForDeploymentPostprocessing = 0;
		};
/* End PBXSourcesBuildPhase section */

/* Begin PBXTargetDependency section */
		22B13FA72C9A91D5006C1D34 /* PBXTargetDependency */ = {
			isa = PBXTargetDependency;
			target = 22B13F942C9A91D3006C1D34 /* ToDoList_iOS */;
			targetProxy = 22B13FA62C9A91D5006C1D34 /* PBXContainerItemProxy */;
		};
		22B13FB12C9A91D5006C1D34 /* PBXTargetDependency */ = {
			isa = PBXTargetDependency;
			target = 22B13F942C9A91D3006C1D34 /* ToDoList_iOS */;
			targetProxy = 22B13FB02C9A91D5006C1D34 /* PBXContainerItemProxy */;
		};
/* End PBXTargetDependency section */

/* Begin XCBuildConfiguration section */
		22B13FB72C9A91D5006C1D34 /* Debug */ = {
			isa = XCBuildConfiguration;
			buildSettings = {
				ALWAYS_SEARCH_USER_PATHS = NO;
				ASSETCATALOG_COMPILER_GENERATE_SWIFT_ASSET_SYMBOL_EXTENSIONS = YES;
				CLANG_ANALYZER_NONNULL = YES;
				CLANG_ANALYZER_NUMBER_OBJECT_CONVERSION = YES_AGGRESSIVE;
				CLANG_CXX_LANGUAGE_STANDARD = "gnu++20";
				CLANG_ENABLE_MODULES = YES;
				CLANG_ENABLE_OBJC_ARC = YES;
				CLANG_ENABLE_OBJC_WEAK = YES;
				CLANG_WARN_BLOCK_CAPTURE_AUTORELEASING = YES;
				CLANG_WARN_BOOL_CONVERSION = YES;
				CLANG_WARN_COMMA = YES;
				CLANG_WARN_CONSTANT_CONVERSION = YES;
				CLANG_WARN_DEPRECATED_OBJC_IMPLEMENTATIONS = YES;
				CLANG_WARN_DIRECT_OBJC_ISA_USAGE = YES_ERROR;
				CLANG_WARN_DOCUMENTATION_COMMENTS = YES;
				CLANG_WARN_EMPTY_BODY = YES;
				CLANG_WARN_ENUM_CONVERSION = YES;
				CLANG_WARN_INFINITE_RECURSION = YES;
				CLANG_WARN_INT_CONVERSION = YES;
				CLANG_WARN_NON_LITERAL_NULL_CONVERSION = YES;
				CLANG_WARN_OBJC_IMPLICIT_RETAIN_SELF = YES;
				CLANG_WARN_OBJC_LITERAL_CONVERSION = YES;
				CLANG_WARN_OBJC_ROOT_CLASS = YES_ERROR;
				CLANG_WARN_QUOTED_INCLUDE_IN_FRAMEWORK_HEADER = YES;
				CLANG_WARN_RANGE_LOOP_ANALYSIS = YES;
				CLANG_WARN_STRICT_PROTOTYPES = YES;
				CLANG_WARN_SUSPICIOUS_MOVE = YES;
				CLANG_WARN_UNGUARDED_AVAILABILITY = YES_AGGRESSIVE;
				CLANG_WARN_UNREACHABLE_CODE = YES;
				CLANG_WARN__DUPLICATE_METHOD_MATCH = YES;
				COPY_PHASE_STRIP = NO;
				DEBUG_INFORMATION_FORMAT = dwarf;
				ENABLE_STRICT_OBJC_MSGSEND = YES;
				ENABLE_TESTABILITY = YES;
				ENABLE_USER_SCRIPT_SANDBOXING = YES;
				GCC_C_LANGUAGE_STANDARD = gnu17;
				GCC_DYNAMIC_NO_PIC = NO;
				GCC_NO_COMMON_BLOCKS = YES;
				GCC_OPTIMIZATION_LEVEL = 0;
				GCC_PREPROCESSOR_DEFINITIONS = (
					"DEBUG=1",
					"$(inherited)",
				);
				GCC_WARN_64_TO_32_BIT_CONVERSION = YES;
				GCC_WARN_ABOUT_RETURN_TYPE = YES_ERROR;
				GCC_WARN_UNDECLARED_SELECTOR = YES;
				GCC_WARN_UNINITIALIZED_AUTOS = YES_AGGRESSIVE;
				GCC_WARN_UNUSED_FUNCTION = YES;
				GCC_WARN_UNUSED_VARIABLE = YES;
				IPHONEOS_DEPLOYMENT_TARGET = 17.5;
				LOCALIZATION_PREFERS_STRING_CATALOGS = YES;
				MTL_ENABLE_DEBUG_INFO = INCLUDE_SOURCE;
				MTL_FAST_MATH = YES;
				ONLY_ACTIVE_ARCH = YES;
				SDKROOT = iphoneos;
				SWIFT_ACTIVE_COMPILATION_CONDITIONS = "DEBUG $(inherited)";
				SWIFT_OPTIMIZATION_LEVEL = "-Onone";
			};
			name = Debug;
		};
		22B13FB82C9A91D5006C1D34 /* Release */ = {
			isa = XCBuildConfiguration;
			buildSettings = {
				ALWAYS_SEARCH_USER_PATHS = NO;
				ASSETCATALOG_COMPILER_GENERATE_SWIFT_ASSET_SYMBOL_EXTENSIONS = YES;
				CLANG_ANALYZER_NONNULL = YES;
				CLANG_ANALYZER_NUMBER_OBJECT_CONVERSION = YES_AGGRESSIVE;
				CLANG_CXX_LANGUAGE_STANDARD = "gnu++20";
				CLANG_ENABLE_MODULES = YES;
				CLANG_ENABLE_OBJC_ARC = YES;
				CLANG_ENABLE_OBJC_WEAK = YES;
				CLANG_WARN_BLOCK_CAPTURE_AUTORELEASING = YES;
				CLANG_WARN_BOOL_CONVERSION = YES;
				CLANG_WARN_COMMA = YES;
				CLANG_WARN_CONSTANT_CONVERSION = YES;
				CLANG_WARN_DEPRECATED_OBJC_IMPLEMENTATIONS = YES;
				CLANG_WARN_DIRECT_OBJC_ISA_USAGE = YES_ERROR;
				CLANG_WARN_DOCUMENTATION_COMMENTS = YES;
				CLANG_WARN_EMPTY_BODY = YES;
				CLANG_WARN_ENUM_CONVERSION = YES;
				CLANG_WARN_INFINITE_RECURSION = YES;
				CLANG_WARN_INT_CONVERSION = YES;
				CLANG_WARN_NON_LITERAL_NULL_CONVERSION = YES;
				CLANG_WARN_OBJC_IMPLICIT_RETAIN_SELF = YES;
				CLANG_WARN_OBJC_LITERAL_CONVERSION = YES;
				CLANG_WARN_OBJC_ROOT_CLASS = YES_ERROR;
				CLANG_WARN_QUOTED_INCLUDE_IN_FRAMEWORK_HEADER = YES;
				CLANG_WARN_RANGE_LOOP_ANALYSIS = YES;
				CLANG_WARN_STRICT_PROTOTYPES = YES;
				CLANG_WARN_SUSPICIOUS_MOVE = YES;
				CLANG_WARN_UNGUARDED_AVAILABILITY = YES_AGGRESSIVE;
				CLANG_WARN_UNREACHABLE_CODE = YES;
				CLANG_WARN__DUPLICATE_METHOD_MATCH = YES;
				COPY_PHASE_STRIP = NO;
				DEBUG_INFORMATION_FORMAT = "dwarf-with-dsym";
				ENABLE_NS_ASSERTIONS = NO;
				ENABLE_STRICT_OBJC_MSGSEND = YES;
				ENABLE_USER_SCRIPT_SANDBOXING = YES;
				GCC_C_LANGUAGE_STANDARD = gnu17;
				GCC_NO_COMMON_BLOCKS = YES;
				GCC_WARN_64_TO_32_BIT_CONVERSION = YES;
				GCC_WARN_ABOUT_RETURN_TYPE = YES_ERROR;
				GCC_WARN_UNDECLARED_SELECTOR = YES;
				GCC_WARN_UNINITIALIZED_AUTOS = YES_AGGRESSIVE;
				GCC_WARN_UNUSED_FUNCTION = YES;
				GCC_WARN_UNUSED_VARIABLE = YES;
				IPHONEOS_DEPLOYMENT_TARGET = 17.5;
				LOCALIZATION_PREFERS_STRING_CATALOGS = YES;
				MTL_ENABLE_DEBUG_INFO = NO;
				MTL_FAST_MATH = YES;
				SDKROOT = iphoneos;
				SWIFT_COMPILATION_MODE = wholemodule;
				VALIDATE_PRODUCT = YES;
			};
			name = Release;
		};
		22B13FBA2C9A91D5006C1D34 /* Debug */ = {
			isa = XCBuildConfiguration;
			buildSettings = {
				ASSETCATALOG_COMPILER_APPICON_NAME = AppIcon;
				ASSETCATALOG_COMPILER_GLOBAL_ACCENT_COLOR_NAME = AccentColor;
				CODE_SIGN_STYLE = Automatic;
				CURRENT_PROJECT_VERSION = 1;
				DEVELOPMENT_ASSET_PATHS = "\"ToDoList_iOS/Preview Content\"";
				DEVELOPMENT_TEAM = PCACWK2ZD7;
				ENABLE_PREVIEWS = YES;
				GENERATE_INFOPLIST_FILE = YES;
				INFOPLIST_KEY_UIApplicationSceneManifest_Generation = YES;
				INFOPLIST_KEY_UIApplicationSupportsIndirectInputEvents = YES;
				INFOPLIST_KEY_UILaunchScreen_Generation = YES;
				INFOPLIST_KEY_UISupportedInterfaceOrientations_iPad = "UIInterfaceOrientationPortrait UIInterfaceOrientationPortraitUpsideDown UIInterfaceOrientationLandscapeLeft UIInterfaceOrientationLandscapeRight";
				INFOPLIST_KEY_UISupportedInterfaceOrientations_iPhone = "UIInterfaceOrientationPortrait UIInterfaceOrientationLandscapeLeft UIInterfaceOrientationLandscapeRight";
				LD_RUNPATH_SEARCH_PATHS = (
					"$(inherited)",
					"@executable_path/Frameworks",
				);
				MARKETING_VERSION = 1.0;
				PRODUCT_BUNDLE_IDENTIFIER = "dong.vn.ToDoList-iOS";
				PRODUCT_NAME = "$(TARGET_NAME)";
				SWIFT_EMIT_LOC_STRINGS = YES;
				SWIFT_VERSION = 5.0;
				TARGETED_DEVICE_FAMILY = "1,2";
			};
			name = Debug;
		};
		22B13FBB2C9A91D5006C1D34 /* Release */ = {
			isa = XCBuildConfiguration;
			buildSettings = {
				ASSETCATALOG_COMPILER_APPICON_NAME = AppIcon;
				ASSETCATALOG_COMPILER_GLOBAL_ACCENT_COLOR_NAME = AccentColor;
				CODE_SIGN_STYLE = Automatic;
				CURRENT_PROJECT_VERSION = 1;
				DEVELOPMENT_ASSET_PATHS = "\"ToDoList_iOS/Preview Content\"";
				DEVELOPMENT_TEAM = PCACWK2ZD7;
				ENABLE_PREVIEWS = YES;
				GENERATE_INFOPLIST_FILE = YES;
				INFOPLIST_KEY_UIApplicationSceneManifest_Generation = YES;
				INFOPLIST_KEY_UIApplicationSupportsIndirectInputEvents = YES;
				INFOPLIST_KEY_UILaunchScreen_Generation = YES;
				INFOPLIST_KEY_UISupportedInterfaceOrientations_iPad = "UIInterfaceOrientationPortrait UIInterfaceOrientationPortraitUpsideDown UIInterfaceOrientationLandscapeLeft UIInterfaceOrientationLandscapeRight";
				INFOPLIST_KEY_UISupportedInterfaceOrientations_iPhone = "UIInterfaceOrientationPortrait UIInterfaceOrientationLandscapeLeft UIInterfaceOrientationLandscapeRight";
				LD_RUNPATH_SEARCH_PATHS = (
					"$(inherited)",
					"@executable_path/Frameworks",
				);
				MARKETING_VERSION = 1.0;
				PRODUCT_BUNDLE_IDENTIFIER = "dong.vn.ToDoList-iOS";
				PRODUCT_NAME = "$(TARGET_NAME)";
				SWIFT_EMIT_LOC_STRINGS = YES;
				SWIFT_VERSION = 5.0;
				TARGETED_DEVICE_FAMILY = "1,2";
			};
			name = Release;
		};
		22B13FBD2C9A91D5006C1D34 /* Debug */ = {
			isa = XCBuildConfiguration;
			buildSettings = {
				ALWAYS_EMBED_SWIFT_STANDARD_LIBRARIES = YES;
				BUNDLE_LOADER = "$(TEST_HOST)";
				CODE_SIGN_STYLE = Automatic;
				CURRENT_PROJECT_VERSION = 1;
				DEVELOPMENT_TEAM = PCACWK2ZD7;
				GENERATE_INFOPLIST_FILE = YES;
				IPHONEOS_DEPLOYMENT_TARGET = 17.5;
				MARKETING_VERSION = 1.0;
				PRODUCT_BUNDLE_IDENTIFIER = "dong.vn.ToDoList-iOSTests";
				PRODUCT_NAME = "$(TARGET_NAME)";
				SWIFT_EMIT_LOC_STRINGS = NO;
				SWIFT_VERSION = 5.0;
				TARGETED_DEVICE_FAMILY = "1,2";
				TEST_HOST = "$(BUILT_PRODUCTS_DIR)/ToDoList_iOS.app/$(BUNDLE_EXECUTABLE_FOLDER_PATH)/ToDoList_iOS";
			};
			name = Debug;
		};
		22B13FBE2C9A91D5006C1D34 /* Release */ = {
			isa = XCBuildConfiguration;
			buildSettings = {
				ALWAYS_EMBED_SWIFT_STANDARD_LIBRARIES = YES;
				BUNDLE_LOADER = "$(TEST_HOST)";
				CODE_SIGN_STYLE = Automatic;
				CURRENT_PROJECT_VERSION = 1;
				DEVELOPMENT_TEAM = PCACWK2ZD7;
				GENERATE_INFOPLIST_FILE = YES;
				IPHONEOS_DEPLOYMENT_TARGET = 17.5;
				MARKETING_VERSION = 1.0;
				PRODUCT_BUNDLE_IDENTIFIER = "dong.vn.ToDoList-iOSTests";
				PRODUCT_NAME = "$(TARGET_NAME)";
				SWIFT_EMIT_LOC_STRINGS = NO;
				SWIFT_VERSION = 5.0;
				TARGETED_DEVICE_FAMILY = "1,2";
				TEST_HOST = "$(BUILT_PRODUCTS_DIR)/ToDoList_iOS.app/$(BUNDLE_EXECUTABLE_FOLDER_PATH)/ToDoList_iOS";
			};
			name = Release;
		};
		22B13FC02C9A91D5006C1D34 /* Debug */ = {
			isa = XCBuildConfiguration;
			buildSettings = {
				ALWAYS_EMBED_SWIFT_STANDARD_LIBRARIES = YES;
				CODE_SIGN_STYLE = Automatic;
				CURRENT_PROJECT_VERSION = 1;
				DEVELOPMENT_TEAM = PCACWK2ZD7;
				GENERATE_INFOPLIST_FILE = YES;
				MARKETING_VERSION = 1.0;
				PRODUCT_BUNDLE_IDENTIFIER = "dong.vn.ToDoList-iOSUITests";
				PRODUCT_NAME = "$(TARGET_NAME)";
				SWIFT_EMIT_LOC_STRINGS = NO;
				SWIFT_VERSION = 5.0;
				TARGETED_DEVICE_FAMILY = "1,2";
				TEST_TARGET_NAME = ToDoList_iOS;
			};
			name = Debug;
		};
		22B13FC12C9A91D5006C1D34 /* Release */ = {
			isa = XCBuildConfiguration;
			buildSettings = {
				ALWAYS_EMBED_SWIFT_STANDARD_LIBRARIES = YES;
				CODE_SIGN_STYLE = Automatic;
				CURRENT_PROJECT_VERSION = 1;
				DEVELOPMENT_TEAM = PCACWK2ZD7;
				GENERATE_INFOPLIST_FILE = YES;
				MARKETING_VERSION = 1.0;
				PRODUCT_BUNDLE_IDENTIFIER = "dong.vn.ToDoList-iOSUITests";
				PRODUCT_NAME = "$(TARGET_NAME)";
				SWIFT_EMIT_LOC_STRINGS = NO;
				SWIFT_VERSION = 5.0;
				TARGETED_DEVICE_FAMILY = "1,2";
				TEST_TARGET_NAME = ToDoList_iOS;
			};
			name = Release;
		};
/* End XCBuildConfiguration section */

/* Begin XCConfigurationList section */
		22B13F902C9A91D3006C1D34 /* Build configuration list for PBXProject "ToDoList_iOS" */ = {
			isa = XCConfigurationList;
			buildConfigurations = (
				22B13FB72C9A91D5006C1D34 /* Debug */,
				22B13FB82C9A91D5006C1D34 /* Release */,
			);
			defaultConfigurationIsVisible = 0;
			defaultConfigurationName = Release;
		};
		22B13FB92C9A91D5006C1D34 /* Build configuration list for PBXNativeTarget "ToDoList_iOS" */ = {
			isa = XCConfigurationList;
			buildConfigurations = (
				22B13FBA2C9A91D5006C1D34 /* Debug */,
				22B13FBB2C9A91D5006C1D34 /* Release */,
			);
			defaultConfigurationIsVisible = 0;
			defaultConfigurationName = Release;
		};
		22B13FBC2C9A91D5006C1D34 /* Build configuration list for PBXNativeTarget "ToDoList_iOSTests" */ = {
			isa = XCConfigurationList;
			buildConfigurations = (
				22B13FBD2C9A91D5006C1D34 /* Debug */,
				22B13FBE2C9A91D5006C1D34 /* Release */,
			);
			defaultConfigurationIsVisible = 0;
			defaultConfigurationName = Release;
		};
		22B13FBF2C9A91D5006C1D34 /* Build configuration list for PBXNativeTarget "ToDoList_iOSUITests" */ = {
			isa = XCConfigurationList;
			buildConfigurations = (
				22B13FC02C9A91D5006C1D34 /* Debug */,
				22B13FC12C9A91D5006C1D34 /* Release */,
			);
			defaultConfigurationIsVisible = 0;
			defaultConfigurationName = Release;
		};
/* End XCConfigurationList section */
	};
	rootObject = 22B13F8D2C9A91D3006C1D34 /* Project object */;
}
